
Microsoft Visual Studio Solution File, Format Version 12.00
# Visual Studio Version 17
VisualStudioVersion = 17.2.32616.157
MinimumVisualStudioVersion = 10.0.40219.1
Project("{9A19103F-16F7-4668-BE54-9A1E7A4F7556}") = "EmployeeMVC", "EmployeeMVC\EmployeeMVC.csproj", "{755201F2-B8E1-4EBF-A278-2CE8FEB2966D}"
EndProject
Project("{9A19103F-16F7-4668-BE54-9A1E7A4F7556}") = "EmployeeWebApi", "EmployeeWebApi\EmployeeWebApi.csproj", "{A66C68E4-3B9A-48EE-80E0-64D587BAFC81}"
EndProject
Project("{9A19103F-16F7-4668-BE54-9A1E7A4F7556}") = "ConsumingApi", "ConsumingApi\ConsumingApi.csproj", "{C893BCA4-4D84-4387-B688-55782B2EC9DC}"
EndProject
Global
	GlobalSection(SolutionConfigurationPlatforms) = preSolution
		Debug|Any CPU = Debug|Any CPU
		Release|Any CPU = Release|Any CPU
	EndGlobalSection
	GlobalSection(ProjectConfigurationPlatforms) = postSolution
		{755201F2-B8E1-4EBF-A278-2CE8FEB2966D}.Debug|Any CPU.ActiveCfg = Debug|Any CPU
		{755201F2-B8E1-4EBF-A278-2CE8FEB2966D}.Debug|Any CPU.Build.0 = Debug|Any CPU
		{755201F2-B8E1-4EBF-A278-2CE8FEB2966D}.Release|Any CPU.ActiveCfg = Release|Any CPU
		{755201F2-B8E1-4EBF-A278-2CE8FEB2966D}.Release|Any CPU.Build.0 = Release|Any CPU
		{A66C68E4-3B9A-48EE-80E0-64D587BAFC81}.Debug|Any CPU.ActiveCfg = Debug|Any CPU
		{A66C68E4-3B9A-48EE-80E0-64D587BAFC81}.Debug|Any CPU.Build.0 = Debug|Any CPU
		{A66C68E4-3B9A-48EE-80E0-64D587BAFC81}.Release|Any CPU.ActiveCfg = Release|Any CPU
		{A66C68E4-3B9A-48EE-80E0-64D587BAFC81}.Release|Any CPU.Build.0 = Release|Any CPU
		{C893BCA4-4D84-4387-B688-55782B2EC9DC}.Debug|Any CPU.ActiveCfg = Debug|Any CPU
		{C893BCA4-4D84-4387-B688-55782B2EC9DC}.Debug|Any CPU.Build.0 = Debug|Any CPU
		{C893BCA4-4D84-4387-B688-55782B2EC9DC}.Release|Any CPU.ActiveCfg = Release|Any CPU
		{C893BCA4-4D84-4387-B688-55782B2EC9DC}.Release|Any CPU.Build.0 = Release|Any CPU
	EndGlobalSection
	GlobalSection(SolutionProperties) = preSolution
		HideSolutionNode = FALSE
	EndGlobalSection
	GlobalSection(ExtensibilityGlobals) = postSolution
		SolutionGuid = {905A4C11-BF85-452B-9423-5E80AE325557}
	EndGlobalSection
EndGlobal
